
Microsoft Visual Studio Solution File, Format Version 12.00
# Visual Studio 2012
VisualStudioVersion = 14.0.23107.0
MinimumVisualStudioVersion = 10.0.40219.1
Project("{FAE04EC0-301F-11D3-BF4B-00C04F79EFBC}") = "XTCiOSSampleProject", "XTCiOSSampleProject\XTCiOSSampleProject.csproj", "{E48AC262-7349-4E73-8F99-CE459BCFE7B3}"
EndProject
Global
	GlobalSection(SolutionConfigurationPlatforms) = preSolution
		Ad-Hoc|iPhone = Ad-Hoc|iPhone
		Ad-Hoc|iPhoneSimulator = Ad-Hoc|iPhoneSimulator
		AppStore|iPhone = AppStore|iPhone
		AppStore|iPhoneSimulator = AppStore|iPhoneSimulator
		Debug|iPhone = Debug|iPhone
		Debug|iPhoneSimulator = Debug|iPhoneSimulator
		Release|iPhone = Release|iPhone
		Release|iPhoneSimulator = Release|iPhoneSimulator
		SimOnly|iPhoneSimulator = SimOnly|iPhoneSimulator
	EndGlobalSection
	GlobalSection(ProjectConfigurationPlatforms) = postSolution
		{E48AC262-7349-4E73-8F99-CE459BCFE7B3}.Debug|iPhone.ActiveCfg = Debug|iPhone
		{E48AC262-7349-4E73-8F99-CE459BCFE7B3}.Debug|iPhone.Build.0 = Debug|iPhone
		{E48AC262-7349-4E73-8F99-CE459BCFE7B3}.Debug|iPhoneSimulator.ActiveCfg = Debug|iPhoneSimulator
		{E48AC262-7349-4E73-8F99-CE459BCFE7B3}.Debug|iPhoneSimulator.Build.0 = Debug|iPhoneSimulator
		{E48AC262-7349-4E73-8F99-CE459BCFE7B3}.Release|iPhone.ActiveCfg = Release|iPhone
		{E48AC262-7349-4E73-8F99-CE459BCFE7B3}.Release|iPhone.Build.0 = Release|iPhone
		{E48AC262-7349-4E73-8F99-CE459BCFE7B3}.Release|iPhoneSimulator.ActiveCfg = Release|iPhoneSimulator
		{E48AC262-7349-4E73-8F99-CE459BCFE7B3}.Release|iPhoneSimulator.Build.0 = Release|iPhoneSimulator
	EndGlobalSection
	GlobalSection(SolutionProperties) = preSolution
		HideSolutionNode = FALSE
	EndGlobalSection
EndGlobal
